{
	"name": "Rpg",
	"lockfileVersion": 3,
	"requires": true,
	"packages": {
		"": {
			"dependencies": {
				"ngraph.graph": "^20.0.1",
				"ngraph.path": "^1.4.0"
			}
		},
		"node_modules/ngraph.events": {
			"version": "1.2.2",
			"resolved": "https://registry.npmjs.org/ngraph.events/-/ngraph.events-1.2.2.tgz",
			"integrity": "sha512-JsUbEOzANskax+WSYiAPETemLWYXmixuPAlmZmhIbIj6FH/WDgEGCGnRwUQBK0GjOnVm8Ui+e5IJ+5VZ4e32eQ=="
		},
		"node_modules/ngraph.graph": {
			"version": "20.0.1",
			"resolved": "https://registry.npmjs.org/ngraph.graph/-/ngraph.graph-20.0.1.tgz",
			"integrity": "sha512-VFsQ+EMkT+7lcJO1QP8Ik3w64WbHJl27Q53EO9hiFU9CRyxJ8HfcXtfWz/U8okuoYKDctbciL6pX3vG5dt1rYA==",
			"dependencies": {
				"ngraph.events": "^1.2.1"
			}
		},
		"node_modules/ngraph.path": {
			"version": "1.4.0",
			"resolved": "https://registry.npmjs.org/ngraph.path/-/ngraph.path-1.4.0.tgz",
			"integrity": "sha512-yJZay4tP0wcjqkkf8zlMQ/T+JOgU+EWfdE4w4TG8OS94B12J/+Z44UOYxVJErE8E6/wFunX1hMZEB1/GHsBYHg=="
		}
	}
}
